<?xml version="1.0" encoding="utf-8"?>
<Project ToolsVersion="17.0" xmlns="http://schemas.microsoft.com/developer/msbuild/2003">
  <ItemGroup>
    <CustomBuild Include="C:\Users\Robert\Documents\GitHub\3D-Software-Renderer\visualstudio\CMakeFiles\8830e595dc5296ee599093e5db919737\generate.stamp.rule">
      <Filter>CMake Rules</Filter>
    </CustomBuild>
  </ItemGroup>
  <ItemGroup>
    <Filter Include="CMake Rules">
      <UniqueIdentifier>{BE34E6B0-0FD8-32C4-8554-455476B64BCD}</UniqueIdentifier>
    </Filter>
  </ItemGroup>
</Project>
